
Microsoft Visual Studio Solution File, Format Version 12.00
# Visual Studio Version 17
VisualStudioVersion = 17.8.34330.188
MinimumVisualStudioVersion = 10.0.40219.1
Project("{9A19103F-16F7-4668-BE54-9A1E7A4F7556}") = "FundooNotes", "FundooNotes.csproj", "{4BF5D831-C3FC-423F-9F0B-4F1A95298C55}"
EndProject
Project("{9A19103F-16F7-4668-BE54-9A1E7A4F7556}") = "RepositoryLayer", "..\RepositoryLayer\RepositoryLayer.csproj", "{8C375A96-6051-4913-8B03-31C356F82BEA}"
EndProject
Project("{9A19103F-16F7-4668-BE54-9A1E7A4F7556}") = "BusinessLayer", "..\BusinessLayer\BusinessLayer.csproj", "{440F894B-10C2-4EB6-BF62-55F6434BEDE6}"
EndProject
Project("{9A19103F-16F7-4668-BE54-9A1E7A4F7556}") = "ModelLayer", "..\ModelLayer\ModelLayer.csproj", "{5F7C5C7F-1BC0-432F-BF02-72DC9D0902D7}"
EndProject
Global
	GlobalSection(SolutionConfigurationPlatforms) = preSolution
		Debug|Any CPU = Debug|Any CPU
		Release|Any CPU = Release|Any CPU
	EndGlobalSection
	GlobalSection(ProjectConfigurationPlatforms) = postSolution
		{4BF5D831-C3FC-423F-9F0B-4F1A95298C55}.Debug|Any CPU.ActiveCfg = Debug|Any CPU
		{4BF5D831-C3FC-423F-9F0B-4F1A95298C55}.Debug|Any CPU.Build.0 = Debug|Any CPU
		{4BF5D831-C3FC-423F-9F0B-4F1A95298C55}.Release|Any CPU.ActiveCfg = Release|Any CPU
		{4BF5D831-C3FC-423F-9F0B-4F1A95298C55}.Release|Any CPU.Build.0 = Release|Any CPU
		{8C375A96-6051-4913-8B03-31C356F82BEA}.Debug|Any CPU.ActiveCfg = Debug|Any CPU
		{8C375A96-6051-4913-8B03-31C356F82BEA}.Debug|Any CPU.Build.0 = Debug|Any CPU
		{8C375A96-6051-4913-8B03-31C356F82BEA}.Release|Any CPU.ActiveCfg = Release|Any CPU
		{8C375A96-6051-4913-8B03-31C356F82BEA}.Release|Any CPU.Build.0 = Release|Any CPU
		{440F894B-10C2-4EB6-BF62-55F6434BEDE6}.Debug|Any CPU.ActiveCfg = Debug|Any CPU
		{440F894B-10C2-4EB6-BF62-55F6434BEDE6}.Debug|Any CPU.Build.0 = Debug|Any CPU
		{440F894B-10C2-4EB6-BF62-55F6434BEDE6}.Release|Any CPU.ActiveCfg = Release|Any CPU
		{440F894B-10C2-4EB6-BF62-55F6434BEDE6}.Release|Any CPU.Build.0 = Release|Any CPU
		{5F7C5C7F-1BC0-432F-BF02-72DC9D0902D7}.Debug|Any CPU.ActiveCfg = Debug|Any CPU
		{5F7C5C7F-1BC0-432F-BF02-72DC9D0902D7}.Debug|Any CPU.Build.0 = Debug|Any CPU
		{5F7C5C7F-1BC0-432F-BF02-72DC9D0902D7}.Release|Any CPU.ActiveCfg = Release|Any CPU
		{5F7C5C7F-1BC0-432F-BF02-72DC9D0902D7}.Release|Any CPU.Build.0 = Release|Any CPU
	EndGlobalSection
	GlobalSection(SolutionProperties) = preSolution
		HideSolutionNode = FALSE
	EndGlobalSection
	GlobalSection(ExtensibilityGlobals) = postSolution
		SolutionGuid = {857C3DC3-F3E9-4B1D-9575-693E079617BE}
	EndGlobalSection
EndGlobal
